
Microsoft Visual Studio Solution File, Format Version 12.00
# Visual Studio Version 17
VisualStudioVersion = 17.5.002.0
MinimumVisualStudioVersion = 10.0.40219.1
Project("{2150E333-8FDC-42A3-9474-1A3956D46DE8}") = "Semana2", "Semana2", "{AAE35200-2BA5-4817-9595-287E19CF9B6C}"
EndProject
Project("{FAE04EC0-301F-11D3-BF4B-00C04F79EFBC}") = "Exercicio-Aula3", "Semana2\Exercicio-Aula3\Exercicio-Aula3.csproj", "{DD8A225A-F8AA-4DFD-8C1B-2657D178A9EB}"
EndProject
Project("{FAE04EC0-301F-11D3-BF4B-00C04F79EFBC}") = "Exercicio-Aula4", "Semana2\Exercicio-Aula4\Exercicio-Aula4.csproj", "{F380F007-822E-4E4A-8794-2AC4D1EDA7D8}"
EndProject
Project("{FAE04EC0-301F-11D3-BF4B-00C04F79EFBC}") = "Exercicio-String", "Semana2\Exercicio-String\Exercicio-String.csproj", "{49D636CC-3B43-4C9C-89C1-4E209AC9850D}"
EndProject
Project("{FAE04EC0-301F-11D3-BF4B-00C04F79EFBC}") = "Instrução-P002", "Semana2\Instrução-P002\Instrução-P002.csproj", "{2FFFA0E6-67B0-456F-A22E-942104B2A7EF}"
EndProject
Project("{2150E333-8FDC-42A3-9474-1A3956D46DE8}") = "Semana3", "Semana3", "{C2A0165D-A3AE-433D-8EDC-79A3C55CDE4C}"
EndProject
Project("{FAE04EC0-301F-11D3-BF4B-00C04F79EFBC}") = "Exercicio-Aula5", "Semana3\Exercicio-Aula5\Exercicio-Aula5.csproj", "{E0C8C11F-92C7-4D1C-9768-33EFD335E05C}"
EndProject
Project("{2150E333-8FDC-42A3-9474-1A3956D46DE8}") = "Semana1", "Semana1", "{7AF0E8E5-4AD2-4433-B888-5D2C977FED02}"
EndProject
Project("{FAE04EC0-301F-11D3-BF4B-00C04F79EFBC}") = "Pratica(NET-P001)", "Semana1\Pratica(NET-P001)\Pratica(NET-P001).csproj", "{1703B210-590E-448B-AA26-B0494A5CF781}"
EndProject
Project("{FAE04EC0-301F-11D3-BF4B-00C04F79EFBC}") = "Exercicio5-Aula5", "Semana3\Exercicio5-Aula5\Exercicio5-Aula5.csproj", "{C6E17C30-ABA6-4176-8D03-EA906411D1CC}"
EndProject
Global
	GlobalSection(SolutionConfigurationPlatforms) = preSolution
		Debug|Any CPU = Debug|Any CPU
		Release|Any CPU = Release|Any CPU
	EndGlobalSection
	GlobalSection(ProjectConfigurationPlatforms) = postSolution
		{DD8A225A-F8AA-4DFD-8C1B-2657D178A9EB}.Debug|Any CPU.ActiveCfg = Debug|Any CPU
		{DD8A225A-F8AA-4DFD-8C1B-2657D178A9EB}.Debug|Any CPU.Build.0 = Debug|Any CPU
		{DD8A225A-F8AA-4DFD-8C1B-2657D178A9EB}.Release|Any CPU.ActiveCfg = Release|Any CPU
		{DD8A225A-F8AA-4DFD-8C1B-2657D178A9EB}.Release|Any CPU.Build.0 = Release|Any CPU
		{F380F007-822E-4E4A-8794-2AC4D1EDA7D8}.Debug|Any CPU.ActiveCfg = Debug|Any CPU
		{F380F007-822E-4E4A-8794-2AC4D1EDA7D8}.Debug|Any CPU.Build.0 = Debug|Any CPU
		{F380F007-822E-4E4A-8794-2AC4D1EDA7D8}.Release|Any CPU.ActiveCfg = Release|Any CPU
		{F380F007-822E-4E4A-8794-2AC4D1EDA7D8}.Release|Any CPU.Build.0 = Release|Any CPU
		{49D636CC-3B43-4C9C-89C1-4E209AC9850D}.Debug|Any CPU.ActiveCfg = Debug|Any CPU
		{49D636CC-3B43-4C9C-89C1-4E209AC9850D}.Debug|Any CPU.Build.0 = Debug|Any CPU
		{49D636CC-3B43-4C9C-89C1-4E209AC9850D}.Release|Any CPU.ActiveCfg = Release|Any CPU
		{49D636CC-3B43-4C9C-89C1-4E209AC9850D}.Release|Any CPU.Build.0 = Release|Any CPU
		{2FFFA0E6-67B0-456F-A22E-942104B2A7EF}.Debug|Any CPU.ActiveCfg = Debug|Any CPU
		{2FFFA0E6-67B0-456F-A22E-942104B2A7EF}.Debug|Any CPU.Build.0 = Debug|Any CPU
		{2FFFA0E6-67B0-456F-A22E-942104B2A7EF}.Release|Any CPU.ActiveCfg = Release|Any CPU
		{2FFFA0E6-67B0-456F-A22E-942104B2A7EF}.Release|Any CPU.Build.0 = Release|Any CPU
		{E0C8C11F-92C7-4D1C-9768-33EFD335E05C}.Debug|Any CPU.ActiveCfg = Debug|Any CPU
		{E0C8C11F-92C7-4D1C-9768-33EFD335E05C}.Debug|Any CPU.Build.0 = Debug|Any CPU
		{E0C8C11F-92C7-4D1C-9768-33EFD335E05C}.Release|Any CPU.ActiveCfg = Release|Any CPU
		{E0C8C11F-92C7-4D1C-9768-33EFD335E05C}.Release|Any CPU.Build.0 = Release|Any CPU
		{1703B210-590E-448B-AA26-B0494A5CF781}.Debug|Any CPU.ActiveCfg = Debug|Any CPU
		{1703B210-590E-448B-AA26-B0494A5CF781}.Debug|Any CPU.Build.0 = Debug|Any CPU
		{1703B210-590E-448B-AA26-B0494A5CF781}.Release|Any CPU.ActiveCfg = Release|Any CPU
		{1703B210-590E-448B-AA26-B0494A5CF781}.Release|Any CPU.Build.0 = Release|Any CPU
		{C6E17C30-ABA6-4176-8D03-EA906411D1CC}.Debug|Any CPU.ActiveCfg = Debug|Any CPU
		{C6E17C30-ABA6-4176-8D03-EA906411D1CC}.Debug|Any CPU.Build.0 = Debug|Any CPU
		{C6E17C30-ABA6-4176-8D03-EA906411D1CC}.Release|Any CPU.ActiveCfg = Release|Any CPU
		{C6E17C30-ABA6-4176-8D03-EA906411D1CC}.Release|Any CPU.Build.0 = Release|Any CPU
	EndGlobalSection
	GlobalSection(SolutionProperties) = preSolution
		HideSolutionNode = FALSE
	EndGlobalSection
	GlobalSection(NestedProjects) = preSolution
		{DD8A225A-F8AA-4DFD-8C1B-2657D178A9EB} = {AAE35200-2BA5-4817-9595-287E19CF9B6C}
		{F380F007-822E-4E4A-8794-2AC4D1EDA7D8} = {AAE35200-2BA5-4817-9595-287E19CF9B6C}
		{49D636CC-3B43-4C9C-89C1-4E209AC9850D} = {AAE35200-2BA5-4817-9595-287E19CF9B6C}
		{2FFFA0E6-67B0-456F-A22E-942104B2A7EF} = {AAE35200-2BA5-4817-9595-287E19CF9B6C}
		{E0C8C11F-92C7-4D1C-9768-33EFD335E05C} = {C2A0165D-A3AE-433D-8EDC-79A3C55CDE4C}
		{1703B210-590E-448B-AA26-B0494A5CF781} = {7AF0E8E5-4AD2-4433-B888-5D2C977FED02}
		{C6E17C30-ABA6-4176-8D03-EA906411D1CC} = {C2A0165D-A3AE-433D-8EDC-79A3C55CDE4C}
	EndGlobalSection
	GlobalSection(ExtensibilityGlobals) = postSolution
		SolutionGuid = {B7EDFB2C-1D55-4A6E-B3C0-D585888AA474}
	EndGlobalSection
EndGlobal
