
Microsoft Visual Studio Solution File, Format Version 12.00
# Visual Studio Version 17
VisualStudioVersion = 17.5.002.0
MinimumVisualStudioVersion = 10.0.40219.1
Project("{2150E333-8FDC-42A3-9474-1A3956D46DE8}") = "Semana2", "Semana2", "{AAE35200-2BA5-4817-9595-287E19CF9B6C}"
EndProject
Project("{FAE04EC0-301F-11D3-BF4B-00C04F79EFBC}") = "Exercicio-Aula3", "Semana2\Exercicio-Aula3\Exercicio-Aula3.csproj", "{DD8A225A-F8AA-4DFD-8C1B-2657D178A9EB}"
EndProject
Project("{FAE04EC0-301F-11D3-BF4B-00C04F79EFBC}") = "Exercicio-Aula4", "Semana2\Exercicio-Aula4\Exercicio-Aula4.csproj", "{F380F007-822E-4E4A-8794-2AC4D1EDA7D8}"
EndProject
Project("{FAE04EC0-301F-11D3-BF4B-00C04F79EFBC}") = "Exercicio-String", "Semana2\Exercicio-String\Exercicio-String.csproj", "{49D636CC-3B43-4C9C-89C1-4E209AC9850D}"
EndProject
Project("{FAE04EC0-301F-11D3-BF4B-00C04F79EFBC}") = "Instrução-P002", "Semana2\Instrução-P002\Instrução-P002.csproj", "{2FFFA0E6-67B0-456F-A22E-942104B2A7EF}"
EndProject
Project("{2150E333-8FDC-42A3-9474-1A3956D46DE8}") = "Semana3", "Semana3", "{C2A0165D-A3AE-433D-8EDC-79A3C55CDE4C}"
EndProject
Project("{FAE04EC0-301F-11D3-BF4B-00C04F79EFBC}") = "Exercicio-Aula5", "Semana3\Exercicio-Aula5\Exercicio-Aula5.csproj", "{E0C8C11F-92C7-4D1C-9768-33EFD335E05C}"
EndProject
Project("{2150E333-8FDC-42A3-9474-1A3956D46DE8}") = "Semana1", "Semana1", "{7AF0E8E5-4AD2-4433-B888-5D2C977FED02}"
EndProject
Project("{FAE04EC0-301F-11D3-BF4B-00C04F79EFBC}") = "Pratica(NET-P001)", "Semana1\Pratica(NET-P001)\Pratica(NET-P001).csproj", "{1703B210-590E-448B-AA26-B0494A5CF781}"
EndProject
Project("{FAE04EC0-301F-11D3-BF4B-00C04F79EFBC}") = "Exercicio5-Aula5", "Semana3\Exercicio5-Aula5\Exercicio5-Aula5.csproj", "{C6E17C30-ABA6-4176-8D03-EA906411D1CC}"
EndProject
Project("{2150E333-8FDC-42A3-9474-1A3956D46DE8}") = "Semana4", "Semana4", "{2D7073F7-51B4-4193-A72D-E15CD96F45E6}"
EndProject
Project("{FAE04EC0-301F-11D3-BF4B-00C04F79EFBC}") = "Instrução-P003", "Semana4\Instrução-P003\Instrução-P003.csproj", "{80FC2197-67B3-495B-A05F-C192A2F31A9C}"
EndProject
Project("{2150E333-8FDC-42A3-9474-1A3956D46DE8}") = "Semana5", "Semana5", "{A7D7EDAD-91BF-46EB-A0B0-2C8024AA80FD}"
EndProject
Project("{FAE04EC0-301F-11D3-BF4B-00C04F79EFBC}") = "Exercicio1", "Semana5\Exercicio1\Exercicio1.csproj", "{4A360CAE-FA8E-4634-93BE-6CAEC3910EE5}"
EndProject
Project("{FAE04EC0-301F-11D3-BF4B-00C04F79EFBC}") = "Exercicio2", "Semana5\Exercicio2\Exercicio2.csproj", "{58C591F6-ADE6-4309-BA5A-05ABB688EAE9}"
EndProject
Project("{FAE04EC0-301F-11D3-BF4B-00C04F79EFBC}") = "Exercicio3", "Semana5\Exercicio3\Exercicio3.csproj", "{B3B8F966-3FCB-4D42-88BF-6C225692D09C}"
EndProject
Project("{FAE04EC0-301F-11D3-BF4B-00C04F79EFBC}") = "Exercicio4", "Semana5\Exercicio4\Exercicio4.csproj", "{F4AA25AD-B165-4D9C-A557-125FEB7D45D9}"
EndProject
Project("{FAE04EC0-301F-11D3-BF4B-00C04F79EFBC}") = "Exercicio5", "Semana5\Exercicio5\Exercicio5.csproj", "{D1D88E45-4D0A-4C43-BDBA-C6462B0FB983}"
EndProject
Global
	GlobalSection(SolutionConfigurationPlatforms) = preSolution
		Debug|Any CPU = Debug|Any CPU
		Release|Any CPU = Release|Any CPU
	EndGlobalSection
	GlobalSection(ProjectConfigurationPlatforms) = postSolution
		{DD8A225A-F8AA-4DFD-8C1B-2657D178A9EB}.Debug|Any CPU.ActiveCfg = Debug|Any CPU
		{DD8A225A-F8AA-4DFD-8C1B-2657D178A9EB}.Debug|Any CPU.Build.0 = Debug|Any CPU
		{DD8A225A-F8AA-4DFD-8C1B-2657D178A9EB}.Release|Any CPU.ActiveCfg = Release|Any CPU
		{DD8A225A-F8AA-4DFD-8C1B-2657D178A9EB}.Release|Any CPU.Build.0 = Release|Any CPU
		{F380F007-822E-4E4A-8794-2AC4D1EDA7D8}.Debug|Any CPU.ActiveCfg = Debug|Any CPU
		{F380F007-822E-4E4A-8794-2AC4D1EDA7D8}.Debug|Any CPU.Build.0 = Debug|Any CPU
		{F380F007-822E-4E4A-8794-2AC4D1EDA7D8}.Release|Any CPU.ActiveCfg = Release|Any CPU
		{F380F007-822E-4E4A-8794-2AC4D1EDA7D8}.Release|Any CPU.Build.0 = Release|Any CPU
		{49D636CC-3B43-4C9C-89C1-4E209AC9850D}.Debug|Any CPU.ActiveCfg = Debug|Any CPU
		{49D636CC-3B43-4C9C-89C1-4E209AC9850D}.Debug|Any CPU.Build.0 = Debug|Any CPU
		{49D636CC-3B43-4C9C-89C1-4E209AC9850D}.Release|Any CPU.ActiveCfg = Release|Any CPU
		{49D636CC-3B43-4C9C-89C1-4E209AC9850D}.Release|Any CPU.Build.0 = Release|Any CPU
		{2FFFA0E6-67B0-456F-A22E-942104B2A7EF}.Debug|Any CPU.ActiveCfg = Debug|Any CPU
		{2FFFA0E6-67B0-456F-A22E-942104B2A7EF}.Debug|Any CPU.Build.0 = Debug|Any CPU
		{2FFFA0E6-67B0-456F-A22E-942104B2A7EF}.Release|Any CPU.ActiveCfg = Release|Any CPU
		{2FFFA0E6-67B0-456F-A22E-942104B2A7EF}.Release|Any CPU.Build.0 = Release|Any CPU
		{E0C8C11F-92C7-4D1C-9768-33EFD335E05C}.Debug|Any CPU.ActiveCfg = Debug|Any CPU
		{E0C8C11F-92C7-4D1C-9768-33EFD335E05C}.Debug|Any CPU.Build.0 = Debug|Any CPU
		{E0C8C11F-92C7-4D1C-9768-33EFD335E05C}.Release|Any CPU.ActiveCfg = Release|Any CPU
		{E0C8C11F-92C7-4D1C-9768-33EFD335E05C}.Release|Any CPU.Build.0 = Release|Any CPU
		{1703B210-590E-448B-AA26-B0494A5CF781}.Debug|Any CPU.ActiveCfg = Debug|Any CPU
		{1703B210-590E-448B-AA26-B0494A5CF781}.Debug|Any CPU.Build.0 = Debug|Any CPU
		{1703B210-590E-448B-AA26-B0494A5CF781}.Release|Any CPU.ActiveCfg = Release|Any CPU
		{1703B210-590E-448B-AA26-B0494A5CF781}.Release|Any CPU.Build.0 = Release|Any CPU
		{C6E17C30-ABA6-4176-8D03-EA906411D1CC}.Debug|Any CPU.ActiveCfg = Debug|Any CPU
		{C6E17C30-ABA6-4176-8D03-EA906411D1CC}.Debug|Any CPU.Build.0 = Debug|Any CPU
		{C6E17C30-ABA6-4176-8D03-EA906411D1CC}.Release|Any CPU.ActiveCfg = Release|Any CPU
		{C6E17C30-ABA6-4176-8D03-EA906411D1CC}.Release|Any CPU.Build.0 = Release|Any CPU
		{80FC2197-67B3-495B-A05F-C192A2F31A9C}.Debug|Any CPU.ActiveCfg = Debug|Any CPU
		{80FC2197-67B3-495B-A05F-C192A2F31A9C}.Debug|Any CPU.Build.0 = Debug|Any CPU
		{80FC2197-67B3-495B-A05F-C192A2F31A9C}.Release|Any CPU.ActiveCfg = Release|Any CPU
		{80FC2197-67B3-495B-A05F-C192A2F31A9C}.Release|Any CPU.Build.0 = Release|Any CPU
		{4A360CAE-FA8E-4634-93BE-6CAEC3910EE5}.Debug|Any CPU.ActiveCfg = Debug|Any CPU
		{4A360CAE-FA8E-4634-93BE-6CAEC3910EE5}.Debug|Any CPU.Build.0 = Debug|Any CPU
		{4A360CAE-FA8E-4634-93BE-6CAEC3910EE5}.Release|Any CPU.ActiveCfg = Release|Any CPU
		{4A360CAE-FA8E-4634-93BE-6CAEC3910EE5}.Release|Any CPU.Build.0 = Release|Any CPU
		{58C591F6-ADE6-4309-BA5A-05ABB688EAE9}.Debug|Any CPU.ActiveCfg = Debug|Any CPU
		{58C591F6-ADE6-4309-BA5A-05ABB688EAE9}.Debug|Any CPU.Build.0 = Debug|Any CPU
		{58C591F6-ADE6-4309-BA5A-05ABB688EAE9}.Release|Any CPU.ActiveCfg = Release|Any CPU
		{58C591F6-ADE6-4309-BA5A-05ABB688EAE9}.Release|Any CPU.Build.0 = Release|Any CPU
		{B3B8F966-3FCB-4D42-88BF-6C225692D09C}.Debug|Any CPU.ActiveCfg = Debug|Any CPU
		{B3B8F966-3FCB-4D42-88BF-6C225692D09C}.Debug|Any CPU.Build.0 = Debug|Any CPU
		{B3B8F966-3FCB-4D42-88BF-6C225692D09C}.Release|Any CPU.ActiveCfg = Release|Any CPU
		{B3B8F966-3FCB-4D42-88BF-6C225692D09C}.Release|Any CPU.Build.0 = Release|Any CPU
		{F4AA25AD-B165-4D9C-A557-125FEB7D45D9}.Debug|Any CPU.ActiveCfg = Debug|Any CPU
		{F4AA25AD-B165-4D9C-A557-125FEB7D45D9}.Debug|Any CPU.Build.0 = Debug|Any CPU
		{F4AA25AD-B165-4D9C-A557-125FEB7D45D9}.Release|Any CPU.ActiveCfg = Release|Any CPU
		{F4AA25AD-B165-4D9C-A557-125FEB7D45D9}.Release|Any CPU.Build.0 = Release|Any CPU
		{D1D88E45-4D0A-4C43-BDBA-C6462B0FB983}.Debug|Any CPU.ActiveCfg = Debug|Any CPU
		{D1D88E45-4D0A-4C43-BDBA-C6462B0FB983}.Debug|Any CPU.Build.0 = Debug|Any CPU
		{D1D88E45-4D0A-4C43-BDBA-C6462B0FB983}.Release|Any CPU.ActiveCfg = Release|Any CPU
		{D1D88E45-4D0A-4C43-BDBA-C6462B0FB983}.Release|Any CPU.Build.0 = Release|Any CPU
	EndGlobalSection
	GlobalSection(SolutionProperties) = preSolution
		HideSolutionNode = FALSE
	EndGlobalSection
	GlobalSection(NestedProjects) = preSolution
		{DD8A225A-F8AA-4DFD-8C1B-2657D178A9EB} = {AAE35200-2BA5-4817-9595-287E19CF9B6C}
		{F380F007-822E-4E4A-8794-2AC4D1EDA7D8} = {AAE35200-2BA5-4817-9595-287E19CF9B6C}
		{49D636CC-3B43-4C9C-89C1-4E209AC9850D} = {AAE35200-2BA5-4817-9595-287E19CF9B6C}
		{2FFFA0E6-67B0-456F-A22E-942104B2A7EF} = {AAE35200-2BA5-4817-9595-287E19CF9B6C}
		{E0C8C11F-92C7-4D1C-9768-33EFD335E05C} = {C2A0165D-A3AE-433D-8EDC-79A3C55CDE4C}
		{1703B210-590E-448B-AA26-B0494A5CF781} = {7AF0E8E5-4AD2-4433-B888-5D2C977FED02}
		{C6E17C30-ABA6-4176-8D03-EA906411D1CC} = {C2A0165D-A3AE-433D-8EDC-79A3C55CDE4C}
		{80FC2197-67B3-495B-A05F-C192A2F31A9C} = {2D7073F7-51B4-4193-A72D-E15CD96F45E6}
		{4A360CAE-FA8E-4634-93BE-6CAEC3910EE5} = {A7D7EDAD-91BF-46EB-A0B0-2C8024AA80FD}
		{58C591F6-ADE6-4309-BA5A-05ABB688EAE9} = {A7D7EDAD-91BF-46EB-A0B0-2C8024AA80FD}
		{B3B8F966-3FCB-4D42-88BF-6C225692D09C} = {A7D7EDAD-91BF-46EB-A0B0-2C8024AA80FD}
		{F4AA25AD-B165-4D9C-A557-125FEB7D45D9} = {A7D7EDAD-91BF-46EB-A0B0-2C8024AA80FD}
		{D1D88E45-4D0A-4C43-BDBA-C6462B0FB983} = {A7D7EDAD-91BF-46EB-A0B0-2C8024AA80FD}
	EndGlobalSection
	GlobalSection(ExtensibilityGlobals) = postSolution
		SolutionGuid = {B7EDFB2C-1D55-4A6E-B3C0-D585888AA474}
	EndGlobalSection
EndGlobal
