
Microsoft Visual Studio Solution File, Format Version 12.00
# Visual Studio Version 17
VisualStudioVersion = 17.5.002.0
MinimumVisualStudioVersion = 10.0.40219.1
Project("{9A19103F-16F7-4668-BE54-9A1E7A4F7556}") = "TodoApi", "TodoApi.csproj", "{87B75764-2869-45A1-9889-45211D076B24}"
EndProject
Global
	GlobalSection(SolutionConfigurationPlatforms) = preSolution
		Debug|Any CPU = Debug|Any CPU
		Release|Any CPU = Release|Any CPU
	EndGlobalSection
	GlobalSection(ProjectConfigurationPlatforms) = postSolution
		{87B75764-2869-45A1-9889-45211D076B24}.Debug|Any CPU.ActiveCfg = Debug|Any CPU
		{87B75764-2869-45A1-9889-45211D076B24}.Debug|Any CPU.Build.0 = Debug|Any CPU
		{87B75764-2869-45A1-9889-45211D076B24}.Release|Any CPU.ActiveCfg = Release|Any CPU
		{87B75764-2869-45A1-9889-45211D076B24}.Release|Any CPU.Build.0 = Release|Any CPU
	EndGlobalSection
	GlobalSection(SolutionProperties) = preSolution
		HideSolutionNode = FALSE
	EndGlobalSection
	GlobalSection(ExtensibilityGlobals) = postSolution
		SolutionGuid = {9BDE28B7-815D-453C-8292-EA9EA31ADBD9}
	EndGlobalSection
EndGlobal
